
Microsoft Visual Studio Solution File, Format Version 12.00
# Visual Studio Version 16
VisualStudioVersion = 16.0.29926.136
MinimumVisualStudioVersion = 10.0.40219.1
Project("{FAE04EC0-301F-11D3-BF4B-00C04F79EFBC}") = "SextoProjetoEX2", "SextoProjetoEX2.csproj", "{C5723CA2-26B9-461D-ACA6-B25DF9DE17BC}"
EndProject
Global
	GlobalSection(SolutionConfigurationPlatforms) = preSolution
		Debug|Any CPU = Debug|Any CPU
		Release|Any CPU = Release|Any CPU
	EndGlobalSection
	GlobalSection(ProjectConfigurationPlatforms) = postSolution
		{C5723CA2-26B9-461D-ACA6-B25DF9DE17BC}.Debug|Any CPU.ActiveCfg = Debug|Any CPU
		{C5723CA2-26B9-461D-ACA6-B25DF9DE17BC}.Debug|Any CPU.Build.0 = Debug|Any CPU
		{C5723CA2-26B9-461D-ACA6-B25DF9DE17BC}.Release|Any CPU.ActiveCfg = Release|Any CPU
		{C5723CA2-26B9-461D-ACA6-B25DF9DE17BC}.Release|Any CPU.Build.0 = Release|Any CPU
	EndGlobalSection
	GlobalSection(SolutionProperties) = preSolution
		HideSolutionNode = FALSE
	EndGlobalSection
	GlobalSection(ExtensibilityGlobals) = postSolution
		SolutionGuid = {E51EE1C9-C49F-43CF-89A3-34A2ACE6C5C1}
	EndGlobalSection
EndGlobal
